// !$*UTF8*$!
{
	archiveVersion = 1;
	classes = {
	};
	objectVersion = 50;
	objects = {

/* Begin PBXBuildFile section */
		2C6A06C821FF06E5000F0DB1 /* Game.storyboard in Resources */ = {isa = PBXBuildFile; fileRef = 2CCD9C3E21F8EA030089C985 /* Game.storyboard */; };
		2C6A06CF21FF16D0000F0DB1 /* XIBLocalizable.swift in Sources */ = {isa = PBXBuildFile; fileRef = 2C6A06CE21FF16D0000F0DB1 /* XIBLocalizable.swift */; };
		2C6EC77821FF1D870095A759 /* HallOfTheMountainKing.mp3 in Resources */ = {isa = PBXBuildFile; fileRef = 2C6EC76721FF1D870095A759 /* HallOfTheMountainKing.mp3 */; };
		2C6EC77921FF1D870095A759 /* field_time.png in Resources */ = {isa = PBXBuildFile; fileRef = 2C6EC76821FF1D870095A759 /* field_time.png */; };
		2C6EC77A21FF1D870095A759 /* button_tap_deselected.png in Resources */ = {isa = PBXBuildFile; fileRef = 2C6EC76921FF1D870095A759 /* button_tap_deselected.png */; };
		2C6EC77B21FF1D870095A759 /* button_tap_selected@2x.png in Resources */ = {isa = PBXBuildFile; fileRef = 2C6EC76A21FF1D870095A759 /* button_tap_selected@2x.png */; };
		2C6EC77C21FF1D870095A759 /* SecondBeep.wav in Resources */ = {isa = PBXBuildFile; fileRef = 2C6EC76B21FF1D870095A759 /* SecondBeep.wav */; };
		2C6EC77D21FF1D870095A759 /* checker_bottom@2x.png in Resources */ = {isa = PBXBuildFile; fileRef = 2C6EC76C21FF1D870095A759 /* checker_bottom@2x.png */; };
		2C6EC77E21FF1D870095A759 /* field_time@2x.png in Resources */ = {isa = PBXBuildFile; fileRef = 2C6EC76D21FF1D870095A759 /* field_time@2x.png */; };
		2C6EC77F21FF1D870095A759 /* ButtonTap.wav in Resources */ = {isa = PBXBuildFile; fileRef = 2C6EC76E21FF1D870095A759 /* ButtonTap.wav */; };
		2C6EC78021FF1D870095A759 /* field_score@2x.png in Resources */ = {isa = PBXBuildFile; fileRef = 2C6EC76F21FF1D870095A759 /* field_score@2x.png */; };
		2C6EC78121FF1D870095A759 /* checker_bottom.png in Resources */ = {isa = PBXBuildFile; fileRef = 2C6EC77021FF1D870095A759 /* checker_bottom.png */; };
		2C6EC78221FF1D870095A759 /* checker_top@2x.png in Resources */ = {isa = PBXBuildFile; fileRef = 2C6EC77121FF1D870095A759 /* checker_top@2x.png */; };
		2C6EC78321FF1D870095A759 /* bg_tile.png in Resources */ = {isa = PBXBuildFile; fileRef = 2C6EC77221FF1D870095A759 /* bg_tile.png */; };
		2C6EC78421FF1D870095A759 /* button_tap_deselected@2x.png in Resources */ = {isa = PBXBuildFile; fileRef = 2C6EC77321FF1D870095A759 /* button_tap_deselected@2x.png */; };
		2C6EC78521FF1D870095A759 /* button_tap_selected.png in Resources */ = {isa = PBXBuildFile; fileRef = 2C6EC77421FF1D870095A759 /* button_tap_selected.png */; };
		2C6EC78621FF1D870095A759 /* checker_top.png in Resources */ = {isa = PBXBuildFile; fileRef = 2C6EC77521FF1D870095A759 /* checker_top.png */; };
		2C6EC78721FF1D870095A759 /* bg_tile@2x.png in Resources */ = {isa = PBXBuildFile; fileRef = 2C6EC77621FF1D870095A759 /* bg_tile@2x.png */; };
		2C6EC78821FF1D870095A759 /* field_score.png in Resources */ = {isa = PBXBuildFile; fileRef = 2C6EC77721FF1D870095A759 /* field_score.png */; };
		2C6EC78A21FF1F340095A759 /* ExUILabel.swift in Sources */ = {isa = PBXBuildFile; fileRef = 2C6EC78921FF1F340095A759 /* ExUILabel.swift */; };
		2C6EC78D21FF1F4B0095A759 /* ExUIButton.swift in Sources */ = {isa = PBXBuildFile; fileRef = 2C6EC78C21FF1F4B0095A759 /* ExUIButton.swift */; };
		2C6EC7A221FF25D90095A759 /* InfoPlist.strings in Resources */ = {isa = PBXBuildFile; fileRef = 2C6EC7A021FF25D90095A759 /* InfoPlist.strings */; };
		2C6EC7A621FF27310095A759 /* Localizable.strings in Resources */ = {isa = PBXBuildFile; fileRef = 2C6EC7A821FF27310095A759 /* Localizable.strings */; };
		2C6EC7B1220060AE0095A759 /* MusicHelper.swift in Sources */ = {isa = PBXBuildFile; fileRef = 2C6EC7B0220060AE0095A759 /* MusicHelper.swift */; };
		2C6EC7B42200B6CA0095A759 /* GameController.swift in Sources */ = {isa = PBXBuildFile; fileRef = 2C6EC7B32200B6CA0095A759 /* GameController.swift */; };
		2C6EC7B62200B7980095A759 /* Main.storyboard in Resources */ = {isa = PBXBuildFile; fileRef = 2C6EC7B52200B7980095A759 /* Main.storyboard */; };
		2C6EC7B82201AB100095A759 /* MainNavigationController.swift in Sources */ = {isa = PBXBuildFile; fileRef = 2C6EC7B72201AB100095A759 /* MainNavigationController.swift */; };
		2C6EC7BB2201AD3D0095A759 /* StudentsTable.storyboard in Resources */ = {isa = PBXBuildFile; fileRef = 2C6EC7BA2201AD3D0095A759 /* StudentsTable.storyboard */; };
		2C6EC7BD2201B2300095A759 /* ExUINavigationItem.swift in Sources */ = {isa = PBXBuildFile; fileRef = 2C6EC7BC2201B2300095A759 /* ExUINavigationItem.swift */; };
		2CCD9C3B21F8EA030089C985 /* AppDelegate.swift in Sources */ = {isa = PBXBuildFile; fileRef = 2CCD9C3A21F8EA030089C985 /* AppDelegate.swift */; };
		2CCD9C3D21F8EA030089C985 /* StudentsTable.swift in Sources */ = {isa = PBXBuildFile; fileRef = 2CCD9C3C21F8EA030089C985 /* StudentsTable.swift */; };
		2CCD9C4321F8EA030089C985 /* My_Best_students.xcdatamodeld in Sources */ = {isa = PBXBuildFile; fileRef = 2CCD9C4121F8EA030089C985 /* My_Best_students.xcdatamodeld */; };
		2CCD9C4821F8EA040089C985 /* LaunchScreen.storyboard in Resources */ = {isa = PBXBuildFile; fileRef = 2CCD9C4621F8EA040089C985 /* LaunchScreen.storyboard */; };
		2CCD9C5821F8EC280089C985 /* ModelStudent.swift in Sources */ = {isa = PBXBuildFile; fileRef = 2CCD9C5721F8EC280089C985 /* ModelStudent.swift */; };
		2CCD9C6021F98D050089C985 /* Images.xcassets in Resources */ = {isa = PBXBuildFile; fileRef = 2CCD9C5F21F98D050089C985 /* Images.xcassets */; };
/* End PBXBuildFile section */

/* Begin PBXFileReference section */
		2C6A06CE21FF16D0000F0DB1 /* XIBLocalizable.swift */ = {isa = PBXFileReference; lastKnownFileType = sourcecode.swift; path = XIBLocalizable.swift; sourceTree = "<group>"; };
		2C6EC76721FF1D870095A759 /* HallOfTheMountainKing.mp3 */ = {isa = PBXFileReference; lastKnownFileType = audio.mp3; path = HallOfTheMountainKing.mp3; sourceTree = "<group>"; };
		2C6EC76821FF1D870095A759 /* field_time.png */ = {isa = PBXFileReference; lastKnownFileType = image.png; path = field_time.png; sourceTree = "<group>"; };
		2C6EC76921FF1D870095A759 /* button_tap_deselected.png */ = {isa = PBXFileReference; lastKnownFileType = image.png; path = button_tap_deselected.png; sourceTree = "<group>"; };
		2C6EC76A21FF1D870095A759 /* button_tap_selected@2x.png */ = {isa = PBXFileReference; lastKnownFileType = image.png; path = "button_tap_selected@2x.png"; sourceTree = "<group>"; };
		2C6EC76B21FF1D870095A759 /* SecondBeep.wav */ = {isa = PBXFileReference; lastKnownFileType = audio.wav; path = SecondBeep.wav; sourceTree = "<group>"; };
		2C6EC76C21FF1D870095A759 /* checker_bottom@2x.png */ = {isa = PBXFileReference; lastKnownFileType = image.png; path = "checker_bottom@2x.png"; sourceTree = "<group>"; };
		2C6EC76D21FF1D870095A759 /* field_time@2x.png */ = {isa = PBXFileReference; lastKnownFileType = image.png; path = "field_time@2x.png"; sourceTree = "<group>"; };
		2C6EC76E21FF1D870095A759 /* ButtonTap.wav */ = {isa = PBXFileReference; lastKnownFileType = audio.wav; path = ButtonTap.wav; sourceTree = "<group>"; };
		2C6EC76F21FF1D870095A759 /* field_score@2x.png */ = {isa = PBXFileReference; lastKnownFileType = image.png; path = "field_score@2x.png"; sourceTree = "<group>"; };
		2C6EC77021FF1D870095A759 /* checker_bottom.png */ = {isa = PBXFileReference; lastKnownFileType = image.png; path = checker_bottom.png; sourceTree = "<group>"; };
		2C6EC77121FF1D870095A759 /* checker_top@2x.png */ = {isa = PBXFileReference; lastKnownFileType = image.png; path = "checker_top@2x.png"; sourceTree = "<group>"; };
		2C6EC77221FF1D870095A759 /* bg_tile.png */ = {isa = PBXFileReference; lastKnownFileType = image.png; path = bg_tile.png; sourceTree = "<group>"; };
		2C6EC77321FF1D870095A759 /* button_tap_deselected@2x.png */ = {isa = PBXFileReference; lastKnownFileType = image.png; path = "button_tap_deselected@2x.png"; sourceTree = "<group>"; };
		2C6EC77421FF1D870095A759 /* button_tap_selected.png */ = {isa = PBXFileReference; lastKnownFileType = image.png; path = button_tap_selected.png; sourceTree = "<group>"; };
		2C6EC77521FF1D870095A759 /* checker_top.png */ = {isa = PBXFileReference; lastKnownFileType = image.png; path = checker_top.png; sourceTree = "<group>"; };
		2C6EC77621FF1D870095A759 /* bg_tile@2x.png */ = {isa = PBXFileReference; lastKnownFileType = image.png; path = "bg_tile@2x.png"; sourceTree = "<group>"; };
		2C6EC77721FF1D870095A759 /* field_score.png */ = {isa = PBXFileReference; lastKnownFileType = image.png; path = field_score.png; sourceTree = "<group>"; };
		2C6EC78921FF1F340095A759 /* ExUILabel.swift */ = {isa = PBXFileReference; lastKnownFileType = sourcecode.swift; path = ExUILabel.swift; sourceTree = "<group>"; };
		2C6EC78C21FF1F4B0095A759 /* ExUIButton.swift */ = {isa = PBXFileReference; lastKnownFileType = sourcecode.swift; path = ExUIButton.swift; sourceTree = "<group>"; };
		2C6EC79421FF23C60095A759 /* Base */ = {isa = PBXFileReference; lastKnownFileType = file.storyboard; name = Base; path = Base.lproj/Game.storyboard; sourceTree = "<group>"; };
		2C6EC79521FF23C60095A759 /* Base */ = {isa = PBXFileReference; lastKnownFileType = file.storyboard; name = Base; path = Base.lproj/LaunchScreen.storyboard; sourceTree = "<group>"; };
		2C6EC7A121FF25D90095A759 /* en */ = {isa = PBXFileReference; lastKnownFileType = text.plist.strings; name = en; path = en.lproj/InfoPlist.strings; sourceTree = "<group>"; };
		2C6EC7A321FF25DC0095A759 /* ru */ = {isa = PBXFileReference; lastKnownFileType = text.plist.strings; name = ru; path = ru.lproj/InfoPlist.strings; sourceTree = "<group>"; };
		2C6EC7A721FF27310095A759 /* en */ = {isa = PBXFileReference; lastKnownFileType = text.plist.strings; name = en; path = en.lproj/Localizable.strings; sourceTree = "<group>"; };
		2C6EC7A921FF27340095A759 /* ru */ = {isa = PBXFileReference; lastKnownFileType = text.plist.strings; name = ru; path = ru.lproj/Localizable.strings; sourceTree = "<group>"; };
		2C6EC7AB22005F310095A759 /* UIKit.framework */ = {isa = PBXFileReference; lastKnownFileType = wrapper.framework; name = UIKit.framework; path = System/Library/Frameworks/UIKit.framework; sourceTree = SDKROOT; };
		2C6EC7AD22005F9D0095A759 /* AVFoundation.framework */ = {isa = PBXFileReference; lastKnownFileType = wrapper.framework; name = AVFoundation.framework; path = System/Library/Frameworks/AVFoundation.framework; sourceTree = SDKROOT; };
		2C6EC7B0220060AE0095A759 /* MusicHelper.swift */ = {isa = PBXFileReference; lastKnownFileType = sourcecode.swift; path = MusicHelper.swift; sourceTree = "<group>"; };
		2C6EC7B32200B6CA0095A759 /* GameController.swift */ = {isa = PBXFileReference; lastKnownFileType = sourcecode.swift; path = GameController.swift; sourceTree = "<group>"; };
		2C6EC7B52200B7980095A759 /* Main.storyboard */ = {isa = PBXFileReference; lastKnownFileType = file.storyboard; path = Main.storyboard; sourceTree = "<group>"; };
		2C6EC7B72201AB100095A759 /* MainNavigationController.swift */ = {isa = PBXFileReference; lastKnownFileType = sourcecode.swift; path = MainNavigationController.swift; sourceTree = "<group>"; };
		2C6EC7BA2201AD3D0095A759 /* StudentsTable.storyboard */ = {isa = PBXFileReference; lastKnownFileType = file.storyboard; path = StudentsTable.storyboard; sourceTree = "<group>"; };
		2C6EC7BC2201B2300095A759 /* ExUINavigationItem.swift */ = {isa = PBXFileReference; lastKnownFileType = sourcecode.swift; path = ExUINavigationItem.swift; sourceTree = "<group>"; };
		2CCD9C3721F8EA030089C985 /* "Best" students.app */ = {isa = PBXFileReference; explicitFileType = wrapper.application; includeInIndex = 0; path = "\"Best\" students.app"; sourceTree = BUILT_PRODUCTS_DIR; };
		2CCD9C3A21F8EA030089C985 /* AppDelegate.swift */ = {isa = PBXFileReference; lastKnownFileType = sourcecode.swift; path = AppDelegate.swift; sourceTree = "<group>"; };
		2CCD9C3C21F8EA030089C985 /* StudentsTable.swift */ = {isa = PBXFileReference; lastKnownFileType = sourcecode.swift; path = StudentsTable.swift; sourceTree = "<group>"; };
		2CCD9C4221F8EA030089C985 /* My_Best_students.xcdatamodel */ = {isa = PBXFileReference; lastKnownFileType = wrapper.xcdatamodel; path = My_Best_students.xcdatamodel; sourceTree = "<group>"; };
		2CCD9C4921F8EA040089C985 /* Info.plist */ = {isa = PBXFileReference; lastKnownFileType = text.plist.xml; path = Info.plist; sourceTree = "<group>"; };
		2CCD9C5721F8EC280089C985 /* ModelStudent.swift */ = {isa = PBXFileReference; lastKnownFileType = sourcecode.swift; path = ModelStudent.swift; sourceTree = "<group>"; };
		2CCD9C5F21F98D050089C985 /* Images.xcassets */ = {isa = PBXFileReference; lastKnownFileType = folder.assetcatalog; path = Images.xcassets; sourceTree = "<group>"; };
/* End PBXFileReference section */

/* Begin PBXFrameworksBuildPhase section */
		2CCD9C3421F8EA030089C985 /* Frameworks */ = {
			isa = PBXFrameworksBuildPhase;
			buildActionMask = 2147483647;
			files = (
			);
			runOnlyForDeploymentPostprocessing = 0;
		};
/* End PBXFrameworksBuildPhase section */

/* Begin PBXGroup section */
		2C6A06CC21FF161C000F0DB1 /* Main */ = {
			isa = PBXGroup;
			children = (
				2C6EC7B72201AB100095A759 /* MainNavigationController.swift */,
				2C6EC7B52200B7980095A759 /* Main.storyboard */,
			);
			path = Main;
			sourceTree = "<group>";
		};
		2C6A06CD21FF1663000F0DB1 /* views */ = {
			isa = PBXGroup;
			children = (
				2C6EC78E21FF20130095A759 /* UI */,
			);
			path = views;
			sourceTree = "<group>";
		};
		2C6EC75921FF1D400095A759 /* strings */ = {
			isa = PBXGroup;
			children = (
				2C6EC7A021FF25D90095A759 /* InfoPlist.strings */,
				2C6EC7A821FF27310095A759 /* Localizable.strings */,
			);
			path = strings;
			sourceTree = "<group>";
		};
		2C6EC76621FF1D870095A759 /* TapMe_Resources */ = {
			isa = PBXGroup;
			children = (
				2C6EC76721FF1D870095A759 /* HallOfTheMountainKing.mp3 */,
				2C6EC76821FF1D870095A759 /* field_time.png */,
				2C6EC76921FF1D870095A759 /* button_tap_deselected.png */,
				2C6EC76A21FF1D870095A759 /* button_tap_selected@2x.png */,
				2C6EC76B21FF1D870095A759 /* SecondBeep.wav */,
				2C6EC76C21FF1D870095A759 /* checker_bottom@2x.png */,
				2C6EC76D21FF1D870095A759 /* field_time@2x.png */,
				2C6EC76E21FF1D870095A759 /* ButtonTap.wav */,
				2C6EC76F21FF1D870095A759 /* field_score@2x.png */,
				2C6EC77021FF1D870095A759 /* checker_bottom.png */,
				2C6EC77121FF1D870095A759 /* checker_top@2x.png */,
				2C6EC77221FF1D870095A759 /* bg_tile.png */,
				2C6EC77321FF1D870095A759 /* button_tap_deselected@2x.png */,
				2C6EC77421FF1D870095A759 /* button_tap_selected.png */,
				2C6EC77521FF1D870095A759 /* checker_top.png */,
				2C6EC77621FF1D870095A759 /* bg_tile@2x.png */,
				2C6EC77721FF1D870095A759 /* field_score.png */,
			);
			path = TapMe_Resources;
			sourceTree = "<group>";
		};
		2C6EC78E21FF20130095A759 /* UI */ = {
			isa = PBXGroup;
			children = (
				2C6A06CE21FF16D0000F0DB1 /* XIBLocalizable.swift */,
				2C6EC78921FF1F340095A759 /* ExUILabel.swift */,
				2C6EC78C21FF1F4B0095A759 /* ExUIButton.swift */,
				2C6EC7BC2201B2300095A759 /* ExUINavigationItem.swift */,
			);
			name = UI;
			sourceTree = "<group>";
		};
		2C6EC7AA22005F310095A759 /* Frameworks */ = {
			isa = PBXGroup;
			children = (
				2C6EC7AD22005F9D0095A759 /* AVFoundation.framework */,
				2C6EC7AB22005F310095A759 /* UIKit.framework */,
			);
			name = Frameworks;
			sourceTree = "<group>";
		};
		2C6EC7AF220060920095A759 /* utils */ = {
			isa = PBXGroup;
			children = (
				2C6EC7B0220060AE0095A759 /* MusicHelper.swift */,
			);
			path = utils;
			sourceTree = "<group>";
		};
		2C6EC7B22200B6760095A759 /* GameExamplePage */ = {
			isa = PBXGroup;
			children = (
				2C6EC7B32200B6CA0095A759 /* GameController.swift */,
				2CCD9C3E21F8EA030089C985 /* Game.storyboard */,
			);
			path = GameExamplePage;
			sourceTree = "<group>";
		};
		2C6EC7B92201ACD80095A759 /* StudentsTablePage */ = {
			isa = PBXGroup;
			children = (
				2CCD9C3C21F8EA030089C985 /* StudentsTable.swift */,
				2C6EC7BA2201AD3D0095A759 /* StudentsTable.storyboard */,
			);
			path = StudentsTablePage;
			sourceTree = "<group>";
		};
		2CCD9C2E21F8EA030089C985 = {
			isa = PBXGroup;
			children = (
				2CCD9C3921F8EA030089C985 /* My"Best"students */,
				2CCD9C3821F8EA030089C985 /* Products */,
				2C6EC7AA22005F310095A759 /* Frameworks */,
			);
			sourceTree = "<group>";
		};
		2CCD9C3821F8EA030089C985 /* Products */ = {
			isa = PBXGroup;
			children = (
				2CCD9C3721F8EA030089C985 /* "Best" students.app */,
			);
			name = Products;
			sourceTree = "<group>";
		};
		2CCD9C3921F8EA030089C985 /* My"Best"students */ = {
			isa = PBXGroup;
			children = (
				2CCD9C5221F8EAFD0089C985 /* resources */,
				2CCD9C5121F8EAA20089C985 /* sources */,
			);
			path = "My\"Best\"students";
			sourceTree = "<group>";
		};
		2CCD9C5121F8EAA20089C985 /* sources */ = {
			isa = PBXGroup;
			children = (
				2C6EC7AF220060920095A759 /* utils */,
				2CCD9C5421F8EB800089C985 /* models */,
				2CCD9C5321F8EB6D0089C985 /* controllers */,
			);
			path = sources;
			sourceTree = "<group>";
		};
		2CCD9C5221F8EAFD0089C985 /* resources */ = {
			isa = PBXGroup;
			children = (
				2C6EC75921FF1D400095A759 /* strings */,
				2C6A06CD21FF1663000F0DB1 /* views */,
				2CCD9C6221F98EC10089C985 /* data */,
				2CCD9C6121F98EB50089C985 /* images */,
				2CCD9C4121F8EA030089C985 /* My_Best_students.xcdatamodeld */,
				2CCD9C4921F8EA040089C985 /* Info.plist */,
			);
			path = resources;
			sourceTree = "<group>";
		};
		2CCD9C5321F8EB6D0089C985 /* controllers */ = {
			isa = PBXGroup;
			children = (
				2C6EC7B92201ACD80095A759 /* StudentsTablePage */,
				2C6EC7B22200B6760095A759 /* GameExamplePage */,
				2C6A06CC21FF161C000F0DB1 /* Main */,
				2CCD9C5621F8EBA10089C985 /* App */,
			);
			path = controllers;
			sourceTree = "<group>";
		};
		2CCD9C5421F8EB800089C985 /* models */ = {
			isa = PBXGroup;
			children = (
				2CCD9C5721F8EC280089C985 /* ModelStudent.swift */,
			);
			path = models;
			sourceTree = "<group>";
		};
		2CCD9C5621F8EBA10089C985 /* App */ = {
			isa = PBXGroup;
			children = (
				2CCD9C3A21F8EA030089C985 /* AppDelegate.swift */,
				2CCD9C4621F8EA040089C985 /* LaunchScreen.storyboard */,
			);
			path = App;
			sourceTree = "<group>";
		};
		2CCD9C6121F98EB50089C985 /* images */ = {
			isa = PBXGroup;
			children = (
				2C6EC76621FF1D870095A759 /* TapMe_Resources */,
				2CCD9C5F21F98D050089C985 /* Images.xcassets */,
			);
			path = images;
			sourceTree = "<group>";
		};
		2CCD9C6221F98EC10089C985 /* data */ = {
			isa = PBXGroup;
			children = (
			);
			path = data;
			sourceTree = "<group>";
		};
/* End PBXGroup section */

/* Begin PBXNativeTarget section */
		2CCD9C3621F8EA030089C985 /* "Best" students */ = {
			isa = PBXNativeTarget;
			buildConfigurationList = 2CCD9C4C21F8EA040089C985 /* Build configuration list for PBXNativeTarget ""Best" students" */;
			buildPhases = (
				2CCD9C3321F8EA030089C985 /* Sources */,
				2CCD9C3421F8EA030089C985 /* Frameworks */,
				2CCD9C3521F8EA030089C985 /* Resources */,
			);
			buildRules = (
			);
			dependencies = (
			);
			name = "\"Best\" students";
			productName = "My\"Best\"students";
			productReference = 2CCD9C3721F8EA030089C985 /* "Best" students.app */;
			productType = "com.apple.product-type.application";
		};
/* End PBXNativeTarget section */

/* Begin PBXProject section */
		2CCD9C2F21F8EA030089C985 /* Project object */ = {
			isa = PBXProject;
			attributes = {
				LastSwiftUpdateCheck = 1010;
				LastUpgradeCheck = 1010;
				ORGANIZATIONNAME = Example;
				TargetAttributes = {
					2CCD9C3621F8EA030089C985 = {
						CreatedOnToolsVersion = 10.1;
					};
				};
			};
			buildConfigurationList = 2CCD9C3221F8EA030089C985 /* Build configuration list for PBXProject ""Best" students" */;
			compatibilityVersion = "Xcode 9.3";
			developmentRegion = en;
			hasScannedForEncodings = 0;
			knownRegions = (
				Base,
				ru,
				en,
			);
			mainGroup = 2CCD9C2E21F8EA030089C985;
			productRefGroup = 2CCD9C3821F8EA030089C985 /* Products */;
			projectDirPath = "";
			projectRoot = "";
			targets = (
				2CCD9C3621F8EA030089C985 /* "Best" students */,
			);
		};
/* End PBXProject section */

/* Begin PBXResourcesBuildPhase section */
		2CCD9C3521F8EA030089C985 /* Resources */ = {
			isa = PBXResourcesBuildPhase;
			buildActionMask = 2147483647;
			files = (
				2C6EC77821FF1D870095A759 /* HallOfTheMountainKing.mp3 in Resources */,
				2C6EC7BB2201AD3D0095A759 /* StudentsTable.storyboard in Resources */,
				2C6EC7A621FF27310095A759 /* Localizable.strings in Resources */,
				2C6EC78621FF1D870095A759 /* checker_top.png in Resources */,
				2CCD9C6021F98D050089C985 /* Images.xcassets in Resources */,
				2C6EC77F21FF1D870095A759 /* ButtonTap.wav in Resources */,
				2CCD9C4821F8EA040089C985 /* LaunchScreen.storyboard in Resources */,
				2C6EC78021FF1D870095A759 /* field_score@2x.png in Resources */,
				2C6EC78221FF1D870095A759 /* checker_top@2x.png in Resources */,
				2C6EC77B21FF1D870095A759 /* button_tap_selected@2x.png in Resources */,
				2C6A06C821FF06E5000F0DB1 /* Game.storyboard in Resources */,
				2C6EC7A221FF25D90095A759 /* InfoPlist.strings in Resources */,
				2C6EC77C21FF1D870095A759 /* SecondBeep.wav in Resources */,
				2C6EC7B62200B7980095A759 /* Main.storyboard in Resources */,
				2C6EC78421FF1D870095A759 /* button_tap_deselected@2x.png in Resources */,
				2C6EC78721FF1D870095A759 /* bg_tile@2x.png in Resources */,
				2C6EC77A21FF1D870095A759 /* button_tap_deselected.png in Resources */,
				2C6EC77E21FF1D870095A759 /* field_time@2x.png in Resources */,
				2C6EC77D21FF1D870095A759 /* checker_bottom@2x.png in Resources */,
				2C6EC78121FF1D870095A759 /* checker_bottom.png in Resources */,
				2C6EC78521FF1D870095A759 /* button_tap_selected.png in Resources */,
				2C6EC78321FF1D870095A759 /* bg_tile.png in Resources */,
				2C6EC77921FF1D870095A759 /* field_time.png in Resources */,
				2C6EC78821FF1D870095A759 /* field_score.png in Resources */,
			);
			runOnlyForDeploymentPostprocessing = 0;
		};
/* End PBXResourcesBuildPhase section */

/* Begin PBXSourcesBuildPhase section */
		2CCD9C3321F8EA030089C985 /* Sources */ = {
			isa = PBXSourcesBuildPhase;
			buildActionMask = 2147483647;
			files = (
				2C6EC7B82201AB100095A759 /* MainNavigationController.swift in Sources */,
				2CCD9C3D21F8EA030089C985 /* StudentsTable.swift in Sources */,
				2C6EC78D21FF1F4B0095A759 /* ExUIButton.swift in Sources */,
				2C6EC7BD2201B2300095A759 /* ExUINavigationItem.swift in Sources */,
				2C6EC78A21FF1F340095A759 /* ExUILabel.swift in Sources */,
				2CCD9C5821F8EC280089C985 /* ModelStudent.swift in Sources */,
				2C6EC7B42200B6CA0095A759 /* GameController.swift in Sources */,
				2C6A06CF21FF16D0000F0DB1 /* XIBLocalizable.swift in Sources */,
				2C6EC7B1220060AE0095A759 /* MusicHelper.swift in Sources */,
				2CCD9C3B21F8EA030089C985 /* AppDelegate.swift in Sources */,
				2CCD9C4321F8EA030089C985 /* My_Best_students.xcdatamodeld in Sources */,
			);
			runOnlyForDeploymentPostprocessing = 0;
		};
/* End PBXSourcesBuildPhase section */

/* Begin PBXVariantGroup section */
		2C6EC7A021FF25D90095A759 /* InfoPlist.strings */ = {
			isa = PBXVariantGroup;
			children = (
				2C6EC7A121FF25D90095A759 /* en */,
				2C6EC7A321FF25DC0095A759 /* ru */,
			);
			name = InfoPlist.strings;
			sourceTree = "<group>";
		};
		2C6EC7A821FF27310095A759 /* Localizable.strings */ = {
			isa = PBXVariantGroup;
			children = (
				2C6EC7A721FF27310095A759 /* en */,
				2C6EC7A921FF27340095A759 /* ru */,
			);
			name = Localizable.strings;
			sourceTree = "<group>";
		};
		2CCD9C3E21F8EA030089C985 /* Game.storyboard */ = {
			isa = PBXVariantGroup;
			children = (
				2C6EC79421FF23C60095A759 /* Base */,
			);
			name = Game.storyboard;
			sourceTree = "<group>";
		};
		2CCD9C4621F8EA040089C985 /* LaunchScreen.storyboard */ = {
			isa = PBXVariantGroup;
			children = (
				2C6EC79521FF23C60095A759 /* Base */,
			);
			name = LaunchScreen.storyboard;
			sourceTree = "<group>";
		};
/* End PBXVariantGroup section */

/* Begin XCBuildConfiguration section */
		2CCD9C4A21F8EA040089C985 /* Debug */ = {
			isa = XCBuildConfiguration;
			buildSettings = {
				ALWAYS_SEARCH_USER_PATHS = NO;
				ASSETCATALOG_COMPILER_APPICON_NAME = "";
				CLANG_ANALYZER_LOCALIZABILITY_NONLOCALIZED = YES;
				CLANG_ANALYZER_NONNULL = YES;
				CLANG_ANALYZER_NUMBER_OBJECT_CONVERSION = YES_AGGRESSIVE;
				CLANG_CXX_LANGUAGE_STANDARD = "gnu++14";
				CLANG_CXX_LIBRARY = "libc++";
				CLANG_ENABLE_MODULES = YES;
				CLANG_ENABLE_OBJC_ARC = YES;
				CLANG_ENABLE_OBJC_WEAK = YES;
				CLANG_WARN_BLOCK_CAPTURE_AUTORELEASING = YES;
				CLANG_WARN_BOOL_CONVERSION = YES;
				CLANG_WARN_COMMA = YES;
				CLANG_WARN_CONSTANT_CONVERSION = YES;
				CLANG_WARN_DEPRECATED_OBJC_IMPLEMENTATIONS = YES;
				CLANG_WARN_DIRECT_OBJC_ISA_USAGE = YES_ERROR;
				CLANG_WARN_DOCUMENTATION_COMMENTS = YES;
				CLANG_WARN_EMPTY_BODY = YES;
				CLANG_WARN_ENUM_CONVERSION = YES;
				CLANG_WARN_INFINITE_RECURSION = YES;
				CLANG_WARN_INT_CONVERSION = YES;
				CLANG_WARN_NON_LITERAL_NULL_CONVERSION = YES;
				CLANG_WARN_OBJC_IMPLICIT_RETAIN_SELF = YES;
				CLANG_WARN_OBJC_LITERAL_CONVERSION = YES;
				CLANG_WARN_OBJC_ROOT_CLASS = YES_ERROR;
				CLANG_WARN_RANGE_LOOP_ANALYSIS = YES;
				CLANG_WARN_STRICT_PROTOTYPES = YES;
				CLANG_WARN_SUSPICIOUS_MOVE = YES;
				CLANG_WARN_UNGUARDED_AVAILABILITY = YES_AGGRESSIVE;
				CLANG_WARN_UNREACHABLE_CODE = YES;
				CLANG_WARN__DUPLICATE_METHOD_MATCH = YES;
				CODE_SIGN_IDENTITY = "iPhone Developer";
				COPY_PHASE_STRIP = NO;
				DEBUG_INFORMATION_FORMAT = dwarf;
				ENABLE_STRICT_OBJC_MSGSEND = YES;
				ENABLE_TESTABILITY = YES;
				GCC_C_LANGUAGE_STANDARD = gnu11;
				GCC_DYNAMIC_NO_PIC = NO;
				GCC_NO_COMMON_BLOCKS = YES;
				GCC_OPTIMIZATION_LEVEL = 0;
				GCC_PREPROCESSOR_DEFINITIONS = (
					"DEBUG=1",
					"$(inherited)",
				);
				GCC_WARN_64_TO_32_BIT_CONVERSION = YES;
				GCC_WARN_ABOUT_RETURN_TYPE = YES_ERROR;
				GCC_WARN_UNDECLARED_SELECTOR = YES;
				GCC_WARN_UNINITIALIZED_AUTOS = YES_AGGRESSIVE;
				GCC_WARN_UNUSED_FUNCTION = YES;
				GCC_WARN_UNUSED_VARIABLE = YES;
				IPHONEOS_DEPLOYMENT_TARGET = 9.0;
				MTL_ENABLE_DEBUG_INFO = INCLUDE_SOURCE;
				MTL_FAST_MATH = YES;
				ONLY_ACTIVE_ARCH = YES;
				SDKROOT = iphoneos;
				SWIFT_ACTIVE_COMPILATION_CONDITIONS = DEBUG;
				SWIFT_OPTIMIZATION_LEVEL = "-Onone";
			};
			name = Debug;
		};
		2CCD9C4B21F8EA040089C985 /* Release */ = {
			isa = XCBuildConfiguration;
			buildSettings = {
				ALWAYS_SEARCH_USER_PATHS = NO;
				ASSETCATALOG_COMPILER_APPICON_NAME = "";
				CLANG_ANALYZER_LOCALIZABILITY_NONLOCALIZED = YES;
				CLANG_ANALYZER_NONNULL = YES;
				CLANG_ANALYZER_NUMBER_OBJECT_CONVERSION = YES_AGGRESSIVE;
				CLANG_CXX_LANGUAGE_STANDARD = "gnu++14";
				CLANG_CXX_LIBRARY = "libc++";
				CLANG_ENABLE_MODULES = YES;
				CLANG_ENABLE_OBJC_ARC = YES;
				CLANG_ENABLE_OBJC_WEAK = YES;
				CLANG_WARN_BLOCK_CAPTURE_AUTORELEASING = YES;
				CLANG_WARN_BOOL_CONVERSION = YES;
				CLANG_WARN_COMMA = YES;
				CLANG_WARN_CONSTANT_CONVERSION = YES;
				CLANG_WARN_DEPRECATED_OBJC_IMPLEMENTATIONS = YES;
				CLANG_WARN_DIRECT_OBJC_ISA_USAGE = YES_ERROR;
				CLANG_WARN_DOCUMENTATION_COMMENTS = YES;
				CLANG_WARN_EMPTY_BODY = YES;
				CLANG_WARN_ENUM_CONVERSION = YES;
				CLANG_WARN_INFINITE_RECURSION = YES;
				CLANG_WARN_INT_CONVERSION = YES;
				CLANG_WARN_NON_LITERAL_NULL_CONVERSION = YES;
				CLANG_WARN_OBJC_IMPLICIT_RETAIN_SELF = YES;
				CLANG_WARN_OBJC_LITERAL_CONVERSION = YES;
				CLANG_WARN_OBJC_ROOT_CLASS = YES_ERROR;
				CLANG_WARN_RANGE_LOOP_ANALYSIS = YES;
				CLANG_WARN_STRICT_PROTOTYPES = YES;
				CLANG_WARN_SUSPICIOUS_MOVE = YES;
				CLANG_WARN_UNGUARDED_AVAILABILITY = YES_AGGRESSIVE;
				CLANG_WARN_UNREACHABLE_CODE = YES;
				CLANG_WARN__DUPLICATE_METHOD_MATCH = YES;
				CODE_SIGN_IDENTITY = "iPhone Developer";
				COPY_PHASE_STRIP = NO;
				DEBUG_INFORMATION_FORMAT = "dwarf-with-dsym";
				ENABLE_NS_ASSERTIONS = NO;
				ENABLE_STRICT_OBJC_MSGSEND = YES;
				GCC_C_LANGUAGE_STANDARD = gnu11;
				GCC_NO_COMMON_BLOCKS = YES;
				GCC_WARN_64_TO_32_BIT_CONVERSION = YES;
				GCC_WARN_ABOUT_RETURN_TYPE = YES_ERROR;
				GCC_WARN_UNDECLARED_SELECTOR = YES;
				GCC_WARN_UNINITIALIZED_AUTOS = YES_AGGRESSIVE;
				GCC_WARN_UNUSED_FUNCTION = YES;
				GCC_WARN_UNUSED_VARIABLE = YES;
				IPHONEOS_DEPLOYMENT_TARGET = 9.0;
				MTL_ENABLE_DEBUG_INFO = NO;
				MTL_FAST_MATH = YES;
				SDKROOT = iphoneos;
				SWIFT_COMPILATION_MODE = wholemodule;
				SWIFT_OPTIMIZATION_LEVEL = "-O";
				VALIDATE_PRODUCT = YES;
			};
			name = Release;
		};
		2CCD9C4D21F8EA040089C985 /* Debug */ = {
			isa = XCBuildConfiguration;
			buildSettings = {
				ASSETCATALOG_COMPILER_APPICON_NAME = AppIcon;
				ASSETCATALOG_COMPILER_LAUNCHIMAGE_NAME = LaunchImage;
				CODE_SIGN_STYLE = Automatic;
				DEVELOPMENT_TEAM = C7FYVAC39V;
				INFOPLIST_FILE = "$(SRCROOT)/My\"Best\"students/resources/Info.plist";
				IPHONEOS_DEPLOYMENT_TARGET = 9.0;
				LD_RUNPATH_SEARCH_PATHS = (
					"$(inherited)",
					"@executable_path/Frameworks",
				);
				PRODUCT_BUNDLE_IDENTIFIER = "com.example.My-Best-students";
				PRODUCT_NAME = "$(TARGET_NAME)";
				SWIFT_VERSION = 4.2;
				TARGETED_DEVICE_FAMILY = "1,2";
			};
			name = Debug;
		};
		2CCD9C4E21F8EA040089C985 /* Release */ = {
			isa = XCBuildConfiguration;
			buildSettings = {
				ASSETCATALOG_COMPILER_APPICON_NAME = AppIcon;
				ASSETCATALOG_COMPILER_LAUNCHIMAGE_NAME = LaunchImage;
				CODE_SIGN_STYLE = Automatic;
				DEVELOPMENT_TEAM = C7FYVAC39V;
				INFOPLIST_FILE = "$(SRCROOT)/My\"Best\"students/resources/Info.plist";
				IPHONEOS_DEPLOYMENT_TARGET = 9.0;
				LD_RUNPATH_SEARCH_PATHS = (
					"$(inherited)",
					"@executable_path/Frameworks",
				);
				PRODUCT_BUNDLE_IDENTIFIER = "com.example.My-Best-students";
				PRODUCT_NAME = "$(TARGET_NAME)";
				SWIFT_VERSION = 4.2;
				TARGETED_DEVICE_FAMILY = "1,2";
			};
			name = Release;
		};
/* End XCBuildConfiguration section */

/* Begin XCConfigurationList section */
		2CCD9C3221F8EA030089C985 /* Build configuration list for PBXProject ""Best" students" */ = {
			isa = XCConfigurationList;
			buildConfigurations = (
				2CCD9C4A21F8EA040089C985 /* Debug */,
				2CCD9C4B21F8EA040089C985 /* Release */,
			);
			defaultConfigurationIsVisible = 0;
			defaultConfigurationName = Release;
		};
		2CCD9C4C21F8EA040089C985 /* Build configuration list for PBXNativeTarget ""Best" students" */ = {
			isa = XCConfigurationList;
			buildConfigurations = (
				2CCD9C4D21F8EA040089C985 /* Debug */,
				2CCD9C4E21F8EA040089C985 /* Release */,
			);
			defaultConfigurationIsVisible = 0;
			defaultConfigurationName = Release;
		};
/* End XCConfigurationList section */

/* Begin XCVersionGroup section */
		2CCD9C4121F8EA030089C985 /* My_Best_students.xcdatamodeld */ = {
			isa = XCVersionGroup;
			children = (
				2CCD9C4221F8EA030089C985 /* My_Best_students.xcdatamodel */,
			);
			currentVersion = 2CCD9C4221F8EA030089C985 /* My_Best_students.xcdatamodel */;
			path = My_Best_students.xcdatamodeld;
			sourceTree = "<group>";
			versionGroupType = wrapper.xcdatamodel;
		};
/* End XCVersionGroup section */
	};
	rootObject = 2CCD9C2F21F8EA030089C985 /* Project object */;
}
